// !$*UTF8*$!
{
	archiveVersion = 1;
	classes = {
	};
	objectVersion = 50;
	objects = {

/* Begin PBXBuildFile section */
		9449DEBC9DCEE133344F91BA /* libPods-Weyker.a in Frameworks */ = {isa = PBXBuildFile; fileRef = 2BF0111BC1D5DF1721B2D86E /* libPods-Weyker.a */; };
		BB431DD3225F426000537A90 /* ViewController.m in Sources */ = {isa = PBXBuildFile; fileRef = BB431DC9225F426000537A90 /* ViewController.m */; };
		BB431DD4225F426000537A90 /* Assets.xcassets in Resources */ = {isa = PBXBuildFile; fileRef = BB431DCC225F426000537A90 /* Assets.xcassets */; };
		BB431DD5225F426000537A90 /* main.m in Sources */ = {isa = PBXBuildFile; fileRef = BB431DD0225F426000537A90 /* main.m */; };
		BB431DD6225F426000537A90 /* AppDelegate.m in Sources */ = {isa = PBXBuildFile; fileRef = BB431DD1225F426000537A90 /* AppDelegate.m */; };
/* End PBXBuildFile section */

/* Begin PBXFileReference section */
		211EB5C4B48B12C0B606E397 /* Pods-Weyker.debug.xcconfig */ = {isa = PBXFileReference; includeInIndex = 1; lastKnownFileType = text.xcconfig; name = "Pods-Weyker.debug.xcconfig"; path = "Target Support Files/Pods-Weyker/Pods-Weyker.debug.xcconfig"; sourceTree = "<group>"; };
		2BF0111BC1D5DF1721B2D86E /* libPods-Weyker.a */ = {isa = PBXFileReference; explicitFileType = archive.ar; includeInIndex = 0; path = "libPods-Weyker.a"; sourceTree = BUILT_PRODUCTS_DIR; };
		9940D838517181638F5A5510 /* Pods-Weyker.release.xcconfig */ = {isa = PBXFileReference; includeInIndex = 1; lastKnownFileType = text.xcconfig; name = "Pods-Weyker.release.xcconfig"; path = "Target Support Files/Pods-Weyker/Pods-Weyker.release.xcconfig"; sourceTree = "<group>"; };
		BB431DAF225F417E00537A90 /* Weyker.app */ = {isa = PBXFileReference; explicitFileType = wrapper.application; includeInIndex = 0; path = Weyker.app; sourceTree = BUILT_PRODUCTS_DIR; };
		BB431DC9225F426000537A90 /* ViewController.m */ = {isa = PBXFileReference; fileEncoding = 4; lastKnownFileType = sourcecode.c.objc; path = ViewController.m; sourceTree = "<group>"; };
		BB431DCA225F426000537A90 /* ViewController.h */ = {isa = PBXFileReference; fileEncoding = 4; lastKnownFileType = sourcecode.c.h; path = ViewController.h; sourceTree = "<group>"; };
		BB431DCC225F426000537A90 /* Assets.xcassets */ = {isa = PBXFileReference; lastKnownFileType = folder.assetcatalog; path = Assets.xcassets; sourceTree = "<group>"; };
		BB431DCE225F426000537A90 /* AppDelegate.h */ = {isa = PBXFileReference; fileEncoding = 4; lastKnownFileType = sourcecode.c.h; path = AppDelegate.h; sourceTree = "<group>"; };
		BB431DCF225F426000537A90 /* Prefix.pch */ = {isa = PBXFileReference; fileEncoding = 4; lastKnownFileType = sourcecode.c.h; path = Prefix.pch; sourceTree = "<group>"; };
		BB431DD0225F426000537A90 /* main.m */ = {isa = PBXFileReference; fileEncoding = 4; lastKnownFileType = sourcecode.c.objc; path = main.m; sourceTree = "<group>"; };
		BB431DD1225F426000537A90 /* AppDelegate.m */ = {isa = PBXFileReference; fileEncoding = 4; lastKnownFileType = sourcecode.c.objc; path = AppDelegate.m; sourceTree = "<group>"; };
		BB431DD2225F426000537A90 /* Info.plist */ = {isa = PBXFileReference; fileEncoding = 4; lastKnownFileType = text.plist.xml; path = Info.plist; sourceTree = "<group>"; };
/* End PBXFileReference section */

/* Begin PBXFrameworksBuildPhase section */
		BB431DAC225F417E00537A90 /* Frameworks */ = {
			isa = PBXFrameworksBuildPhase;
			buildActionMask = 2147483647;
			files = (
				9449DEBC9DCEE133344F91BA /* libPods-Weyker.a in Frameworks */,
			);
			runOnlyForDeploymentPostprocessing = 0;
		};
/* End PBXFrameworksBuildPhase section */

/* Begin PBXGroup section */
		76DE8AF63CB9935DCE2256DF /* Frameworks */ = {
			isa = PBXGroup;
			children = (
				2BF0111BC1D5DF1721B2D86E /* libPods-Weyker.a */,
			);
			name = Frameworks;
			sourceTree = "<group>";
		};
		AB37B02B06DEF3766EF97240 /* Pods */ = {
			isa = PBXGroup;
			children = (
				211EB5C4B48B12C0B606E397 /* Pods-Weyker.debug.xcconfig */,
				9940D838517181638F5A5510 /* Pods-Weyker.release.xcconfig */,
			);
			path = Pods;
			sourceTree = "<group>";
		};
		BB431DA6225F417E00537A90 = {
			isa = PBXGroup;
			children = (
				BB431DB1225F417E00537A90 /* Weyker */,
				BB431DB0225F417E00537A90 /* Products */,
				AB37B02B06DEF3766EF97240 /* Pods */,
				76DE8AF63CB9935DCE2256DF /* Frameworks */,
			);
			sourceTree = "<group>";
		};
		BB431DB0225F417E00537A90 /* Products */ = {
			isa = PBXGroup;
			children = (
				BB431DAF225F417E00537A90 /* Weyker.app */,
			);
			name = Products;
			sourceTree = "<group>";
		};
		BB431DB1225F417E00537A90 /* Weyker */ = {
			isa = PBXGroup;
			children = (
				BB431DCD225F426000537A90 /* App */,
				BB431DC8225F426000537A90 /* Pages */,
				BB431DCB225F426000537A90 /* Resources */,
			);
			path = Weyker;
			sourceTree = "<group>";
		};
		BB431DC8225F426000537A90 /* Pages */ = {
			isa = PBXGroup;
			children = (
				BB431DC9225F426000537A90 /* ViewController.m */,
				BB431DCA225F426000537A90 /* ViewController.h */,
			);
			path = Pages;
			sourceTree = "<group>";
		};
		BB431DCB225F426000537A90 /* Resources */ = {
			isa = PBXGroup;
			children = (
				BB431DCC225F426000537A90 /* Assets.xcassets */,
			);
			path = Resources;
			sourceTree = "<group>";
		};
		BB431DCD225F426000537A90 /* App */ = {
			isa = PBXGroup;
			children = (
				BB431DD2225F426000537A90 /* Info.plist */,
				BB431DCF225F426000537A90 /* Prefix.pch */,
				BB431DD0225F426000537A90 /* main.m */,
				BB431DCE225F426000537A90 /* AppDelegate.h */,
				BB431DD1225F426000537A90 /* AppDelegate.m */,
			);
			path = App;
			sourceTree = "<group>";
		};
/* End PBXGroup section */

/* Begin PBXNativeTarget section */
		BB431DAE225F417E00537A90 /* Weyker */ = {
			isa = PBXNativeTarget;
			buildConfigurationList = BB431DC5225F417F00537A90 /* Build configuration list for PBXNativeTarget "Weyker" */;
			buildPhases = (
				B2199261F92E9708E5E7FFFF /* [CP] Check Pods Manifest.lock */,
				BB431DAB225F417E00537A90 /* Sources */,
				BB431DAC225F417E00537A90 /* Frameworks */,
				BB431DAD225F417E00537A90 /* Resources */,
			);
			buildRules = (
			);
			dependencies = (
			);
			name = Weyker;
			productName = Weyker;
			productReference = BB431DAF225F417E00537A90 /* Weyker.app */;
			productType = "com.apple.product-type.application";
		};
/* End PBXNativeTarget section */

/* Begin PBXProject section */
		BB431DA7225F417E00537A90 /* Project object */ = {
			isa = PBXProject;
			attributes = {
				LastUpgradeCheck = 1010;
				ORGANIZATIONNAME = migu;
				TargetAttributes = {
					BB431DAE225F417E00537A90 = {
						CreatedOnToolsVersion = 10.1;
					};
				};
			};
			buildConfigurationList = BB431DAA225F417E00537A90 /* Build configuration list for PBXProject "Weyker" */;
			compatibilityVersion = "Xcode 9.3";
			developmentRegion = en;
			hasScannedForEncodings = 0;
			knownRegions = (
				en,
				Base,
			);
			mainGroup = BB431DA6225F417E00537A90;
			productRefGroup = BB431DB0225F417E00537A90 /* Products */;
			projectDirPath = "";
			projectRoot = "";
			targets = (
				BB431DAE225F417E00537A90 /* Weyker */,
			);
		};
/* End PBXProject section */

/* Begin PBXResourcesBuildPhase section */
		BB431DAD225F417E00537A90 /* Resources */ = {
			isa = PBXResourcesBuildPhase;
			buildActionMask = 2147483647;
			files = (
				BB431DD4225F426000537A90 /* Assets.xcassets in Resources */,
			);
			runOnlyForDeploymentPostprocessing = 0;
		};
/* End PBXResourcesBuildPhase section */

/* Begin PBXShellScriptBuildPhase section */
		B2199261F92E9708E5E7FFFF /* [CP] Check Pods Manifest.lock */ = {
			isa = PBXShellScriptBuildPhase;
			buildActionMask = 2147483647;
			files = (
			);
			inputFileListPaths = (
			);
			inputPaths = (
				"${PODS_PODFILE_DIR_PATH}/Podfile.lock",
				"${PODS_ROOT}/Manifest.lock",
			);
			name = "[CP] Check Pods Manifest.lock";
			outputFileListPaths = (
			);
			outputPaths = (
				"$(DERIVED_FILE_DIR)/Pods-Weyker-checkManifestLockResult.txt",
			);
			runOnlyForDeploymentPostprocessing = 0;
			shellPath = /bin/sh;
			shellScript = "diff \"${PODS_PODFILE_DIR_PATH}/Podfile.lock\" \"${PODS_ROOT}/Manifest.lock\" > /dev/null\nif [ $? != 0 ] ; then\n    # print error to STDERR\n    echo \"error: The sandbox is not in sync with the Podfile.lock. Run 'pod install' or update your CocoaPods installation.\" >&2\n    exit 1\nfi\n# This output is used by Xcode 'outputs' to avoid re-running this script phase.\necho \"SUCCESS\" > \"${SCRIPT_OUTPUT_FILE_0}\"\n";
			showEnvVarsInLog = 0;
		};
/* End PBXShellScriptBuildPhase section */

/* Begin PBXSourcesBuildPhase section */
		BB431DAB225F417E00537A90 /* Sources */ = {
			isa = PBXSourcesBuildPhase;
			buildActionMask = 2147483647;
			files = (
				BB431DD5225F426000537A90 /* main.m in Sources */,
				BB431DD3225F426000537A90 /* ViewController.m in Sources */,
				BB431DD6225F426000537A90 /* AppDelegate.m in Sources */,
			);
			runOnlyForDeploymentPostprocessing = 0;
		};
/* End PBXSourcesBuildPhase section */

/* Begin XCBuildConfiguration section */
		BB431DC3225F417F00537A90 /* Debug */ = {
			isa = XCBuildConfiguration;
			buildSettings = {
				ALWAYS_SEARCH_USER_PATHS = NO;
				CLANG_ANALYZER_NONNULL = YES;
				CLANG_ANALYZER_NUMBER_OBJECT_CONVERSION = YES_AGGRESSIVE;
				CLANG_CXX_LANGUAGE_STANDARD = "gnu++14";
				CLANG_CXX_LIBRARY = "libc++";
				CLANG_ENABLE_MODULES = YES;
				CLANG_ENABLE_OBJC_ARC = YES;
				CLANG_ENABLE_OBJC_WEAK = YES;
				CLANG_WARN_BLOCK_CAPTURE_AUTORELEASING = YES;
				CLANG_WARN_BOOL_CONVERSION = YES;
				CLANG_WARN_COMMA = YES;
				CLANG_WARN_CONSTANT_CONVERSION = YES;
				CLANG_WARN_DEPRECATED_OBJC_IMPLEMENTATIONS = YES;
				CLANG_WARN_DIRECT_OBJC_ISA_USAGE = YES_ERROR;
				CLANG_WARN_DOCUMENTATION_COMMENTS = YES;
				CLANG_WARN_EMPTY_BODY = YES;
				CLANG_WARN_ENUM_CONVERSION = YES;
				CLANG_WARN_INFINITE_RECURSION = YES;
				CLANG_WARN_INT_CONVERSION = YES;
				CLANG_WARN_NON_LITERAL_NULL_CONVERSION = YES;
				CLANG_WARN_OBJC_IMPLICIT_RETAIN_SELF = YES;
				CLANG_WARN_OBJC_LITERAL_CONVERSION = YES;
				CLANG_WARN_OBJC_ROOT_CLASS = YES_ERROR;
				CLANG_WARN_RANGE_LOOP_ANALYSIS = YES;
				CLANG_WARN_STRICT_PROTOTYPES = YES;
				CLANG_WARN_SUSPICIOUS_MOVE = YES;
				CLANG_WARN_UNGUARDED_AVAILABILITY = YES_AGGRESSIVE;
				CLANG_WARN_UNREACHABLE_CODE = YES;
				CLANG_WARN__DUPLICATE_METHOD_MATCH = YES;
				CODE_SIGN_IDENTITY = "iPhone Developer";
				COPY_PHASE_STRIP = NO;
				DEBUG_INFORMATION_FORMAT = dwarf;
				ENABLE_STRICT_OBJC_MSGSEND = YES;
				ENABLE_TESTABILITY = YES;
				GCC_C_LANGUAGE_STANDARD = gnu11;
				GCC_DYNAMIC_NO_PIC = NO;
				GCC_NO_COMMON_BLOCKS = YES;
				GCC_OPTIMIZATION_LEVEL = 0;
				GCC_PREPROCESSOR_DEFINITIONS = (
					"DEBUG=1",
					"$(inherited)",
				);
				GCC_WARN_64_TO_32_BIT_CONVERSION = YES;
				GCC_WARN_ABOUT_RETURN_TYPE = YES_ERROR;
				GCC_WARN_UNDECLARED_SELECTOR = YES;
				GCC_WARN_UNINITIALIZED_AUTOS = YES_AGGRESSIVE;
				GCC_WARN_UNUSED_FUNCTION = YES;
				GCC_WARN_UNUSED_VARIABLE = YES;
				IPHONEOS_DEPLOYMENT_TARGET = 12.1;
				MTL_ENABLE_DEBUG_INFO = INCLUDE_SOURCE;
				MTL_FAST_MATH = YES;
				ONLY_ACTIVE_ARCH = YES;
				SDKROOT = iphoneos;
			};
			name = Debug;
		};
		BB431DC4225F417F00537A90 /* Release */ = {
			isa = XCBuildConfiguration;
			buildSettings = {
				ALWAYS_SEARCH_USER_PATHS = NO;
				CLANG_ANALYZER_NONNULL = YES;
				CLANG_ANALYZER_NUMBER_OBJECT_CONVERSION = YES_AGGRESSIVE;
				CLANG_CXX_LANGUAGE_STANDARD = "gnu++14";
				CLANG_CXX_LIBRARY = "libc++";
				CLANG_ENABLE_MODULES = YES;
				CLANG_ENABLE_OBJC_ARC = YES;
				CLANG_ENABLE_OBJC_WEAK = YES;
				CLANG_WARN_BLOCK_CAPTURE_AUTORELEASING = YES;
				CLANG_WARN_BOOL_CONVERSION = YES;
				CLANG_WARN_COMMA = YES;
				CLANG_WARN_CONSTANT_CONVERSION = YES;
				CLANG_WARN_DEPRECATED_OBJC_IMPLEMENTATIONS = YES;
				CLANG_WARN_DIRECT_OBJC_ISA_USAGE = YES_ERROR;
				CLANG_WARN_DOCUMENTATION_COMMENTS = YES;
				CLANG_WARN_EMPTY_BODY = YES;
				CLANG_WARN_ENUM_CONVERSION = YES;
				CLANG_WARN_INFINITE_RECURSION = YES;
				CLANG_WARN_INT_CONVERSION = YES;
				CLANG_WARN_NON_LITERAL_NULL_CONVERSION = YES;
				CLANG_WARN_OBJC_IMPLICIT_RETAIN_SELF = YES;
				CLANG_WARN_OBJC_LITERAL_CONVERSION = YES;
				CLANG_WARN_OBJC_ROOT_CLASS = YES_ERROR;
				CLANG_WARN_RANGE_LOOP_ANALYSIS = YES;
				CLANG_WARN_STRICT_PROTOTYPES = YES;
				CLANG_WARN_SUSPICIOUS_MOVE = YES;
				CLANG_WARN_UNGUARDED_AVAILABILITY = YES_AGGRESSIVE;
				CLANG_WARN_UNREACHABLE_CODE = YES;
				CLANG_WARN__DUPLICATE_METHOD_MATCH = YES;
				CODE_SIGN_IDENTITY = "iPhone Developer";
				COPY_PHASE_STRIP = NO;
				DEBUG_INFORMATION_FORMAT = "dwarf-with-dsym";
				ENABLE_NS_ASSERTIONS = NO;
				ENABLE_STRICT_OBJC_MSGSEND = YES;
				GCC_C_LANGUAGE_STANDARD = gnu11;
				GCC_NO_COMMON_BLOCKS = YES;
				GCC_WARN_64_TO_32_BIT_CONVERSION = YES;
				GCC_WARN_ABOUT_RETURN_TYPE = YES_ERROR;
				GCC_WARN_UNDECLARED_SELECTOR = YES;
				GCC_WARN_UNINITIALIZED_AUTOS = YES_AGGRESSIVE;
				GCC_WARN_UNUSED_FUNCTION = YES;
				GCC_WARN_UNUSED_VARIABLE = YES;
				IPHONEOS_DEPLOYMENT_TARGET = 12.1;
				MTL_ENABLE_DEBUG_INFO = NO;
				MTL_FAST_MATH = YES;
				SDKROOT = iphoneos;
				VALIDATE_PRODUCT = YES;
			};
			name = Release;
		};
		BB431DC6225F417F00537A90 /* Debug */ = {
			isa = XCBuildConfiguration;
			baseConfigurationReference = 211EB5C4B48B12C0B606E397 /* Pods-Weyker.debug.xcconfig */;
			buildSettings = {
				ASSETCATALOG_COMPILER_APPICON_NAME = AppIcon;
				ASSETCATALOG_COMPILER_LAUNCHIMAGE_NAME = LaunchImage;
				CODE_SIGN_STYLE = Automatic;
				DEVELOPMENT_TEAM = 328H572F92;
				GCC_PREFIX_HEADER = Weyker/App/Prefix.pch;
				INFOPLIST_FILE = Weyker/App/Info.plist;
				IPHONEOS_DEPLOYMENT_TARGET = 10.0;
				LD_RUNPATH_SEARCH_PATHS = (
					"$(inherited)",
					"@executable_path/Frameworks",
				);
				PRODUCT_BUNDLE_IDENTIFIER = com.migu.kw1;
				PRODUCT_NAME = "$(TARGET_NAME)";
				TARGETED_DEVICE_FAMILY = 1;
			};
			name = Debug;
		};
		BB431DC7225F417F00537A90 /* Release */ = {
			isa = XCBuildConfiguration;
			baseConfigurationReference = 9940D838517181638F5A5510 /* Pods-Weyker.release.xcconfig */;
			buildSettings = {
				ASSETCATALOG_COMPILER_APPICON_NAME = AppIcon;
				ASSETCATALOG_COMPILER_LAUNCHIMAGE_NAME = LaunchImage;
				CODE_SIGN_STYLE = Automatic;
				DEVELOPMENT_TEAM = 328H572F92;
				GCC_PREFIX_HEADER = Weyker/App/Prefix.pch;
				INFOPLIST_FILE = Weyker/App/Info.plist;
				IPHONEOS_DEPLOYMENT_TARGET = 10.0;
				LD_RUNPATH_SEARCH_PATHS = (
					"$(inherited)",
					"@executable_path/Frameworks",
				);
				PRODUCT_BUNDLE_IDENTIFIER = com.migu.kw1;
				PRODUCT_NAME = "$(TARGET_NAME)";
				TARGETED_DEVICE_FAMILY = 1;
			};
			name = Release;
		};
/* End XCBuildConfiguration section */

/* Begin XCConfigurationList section */
		BB431DAA225F417E00537A90 /* Build configuration list for PBXProject "Weyker" */ = {
			isa = XCConfigurationList;
			buildConfigurations = (
				BB431DC3225F417F00537A90 /* Debug */,
				BB431DC4225F417F00537A90 /* Release */,
			);
			defaultConfigurationIsVisible = 0;
			defaultConfigurationName = Release;
		};
		BB431DC5225F417F00537A90 /* Build configuration list for PBXNativeTarget "Weyker" */ = {
			isa = XCConfigurationList;
			buildConfigurations = (
				BB431DC6225F417F00537A90 /* Debug */,
				BB431DC7225F417F00537A90 /* Release */,
			);
			defaultConfigurationIsVisible = 0;
			defaultConfigurationName = Release;
		};
/* End XCConfigurationList section */
	};
	rootObject = BB431DA7225F417E00537A90 /* Project object */;
}
