// !$*UTF8*$!
{
	archiveVersion = 1;
	classes = {
	};
	objectVersion = 50;
	objects = {

/* Begin PBXBuildFile section */
		9449DEBC9DCEE133344F91BA /* libPods-Weyker.a in Frameworks */ = {isa = PBXBuildFile; fileRef = 2BF0111BC1D5DF1721B2D86E /* libPods-Weyker.a */; };
		BB349DB32264216A00515502 /* UINavigationControllerExtentions.m in Sources */ = {isa = PBXBuildFile; fileRef = BB349D952264216A00515502 /* UINavigationControllerExtentions.m */; };
		BB349DB42264216A00515502 /* UITableViewCellExtentions.m in Sources */ = {isa = PBXBuildFile; fileRef = BB349D972264216A00515502 /* UITableViewCellExtentions.m */; };
		BB349DB52264216A00515502 /* UITextXXXMaxLength.m in Sources */ = {isa = PBXBuildFile; fileRef = BB349D982264216A00515502 /* UITextXXXMaxLength.m */; };
		BB349DB62264216A00515502 /* UIImageExtentions.m in Sources */ = {isa = PBXBuildFile; fileRef = BB349D9C2264216A00515502 /* UIImageExtentions.m */; };
		BB349DB82264216A00515502 /* UIColorExtentions.m in Sources */ = {isa = PBXBuildFile; fileRef = BB349D9F2264216A00515502 /* UIColorExtentions.m */; };
		BB349DBA2264216A00515502 /* NSObjectExtentions.m in Sources */ = {isa = PBXBuildFile; fileRef = BB349DA12264216A00515502 /* NSObjectExtentions.m */; };
		BB349DBB2264216A00515502 /* NSStringUnicode.m in Sources */ = {isa = PBXBuildFile; fileRef = BB349DA22264216A00515502 /* NSStringUnicode.m */; };
		BB349DBC2264216A00515502 /* UIButtonExtentions.m in Sources */ = {isa = PBXBuildFile; fileRef = BB349DA62264216A00515502 /* UIButtonExtentions.m */; };
		BB349DBD2264216A00515502 /* UIAlertControllerExtentions.m in Sources */ = {isa = PBXBuildFile; fileRef = BB349DA72264216A00515502 /* UIAlertControllerExtentions.m */; };
		BB349DBE2264216A00515502 /* WBDateFormatter.m in Sources */ = {isa = PBXBuildFile; fileRef = BB349DA92264216A00515502 /* WBDateFormatter.m */; };
		BB349DBF2264216A00515502 /* WBLogger.m in Sources */ = {isa = PBXBuildFile; fileRef = BB349DAC2264216A00515502 /* WBLogger.m */; };
		BB349DC12264216A00515502 /* WBGlobal.m in Sources */ = {isa = PBXBuildFile; fileRef = BB349DB02264216A00515502 /* WBGlobal.m */; };
		BB349DCA2264227E00515502 /* YYWeakProxy.m in Sources */ = {isa = PBXBuildFile; fileRef = BB349DC52264227E00515502 /* YYWeakProxy.m */; };
		BB349DCB2264227E00515502 /* YYFPSLabel.m in Sources */ = {isa = PBXBuildFile; fileRef = BB349DC72264227E00515502 /* YYFPSLabel.m */; };
		BB349DEF226423A600515502 /* WBCoverActionContentView.m in Sources */ = {isa = PBXBuildFile; fileRef = BB349DD3226423A500515502 /* WBCoverActionContentView.m */; };
		BB349DF0226423A600515502 /* WBWeakScriptMessageHandler.m in Sources */ = {isa = PBXBuildFile; fileRef = BB349DD5226423A500515502 /* WBWeakScriptMessageHandler.m */; };
		BB349DF1226423A600515502 /* WBMessageCenter.m in Sources */ = {isa = PBXBuildFile; fileRef = BB349DD6226423A500515502 /* WBMessageCenter.m */; };
		BB349DF5226423A600515502 /* WBBaseTableViewCell.m in Sources */ = {isa = PBXBuildFile; fileRef = BB349DDF226423A500515502 /* WBBaseTableViewCell.m */; };
		BB349DF6226423A600515502 /* WBCoverContentView.m in Sources */ = {isa = PBXBuildFile; fileRef = BB349DE0226423A500515502 /* WBCoverContentView.m */; };
		BB349DF7226423A600515502 /* WBHUDView.m in Sources */ = {isa = PBXBuildFile; fileRef = BB349DE1226423A500515502 /* WBHUDView.m */; };
		BB349DF8226423A600515502 /* WBCoverView.m in Sources */ = {isa = PBXBuildFile; fileRef = BB349DE2226423A500515502 /* WBCoverView.m */; };
		BB349DFA226423A600515502 /* WBCoverAlertContentView.m in Sources */ = {isa = PBXBuildFile; fileRef = BB349DE7226423A500515502 /* WBCoverAlertContentView.m */; };
		BB349DFB226423A600515502 /* WBBaseView.m in Sources */ = {isa = PBXBuildFile; fileRef = BB349DE8226423A500515502 /* WBBaseView.m */; };
		BB349DFD226423A600515502 /* WBBaseViewController.m in Sources */ = {isa = PBXBuildFile; fileRef = BB349DEC226423A500515502 /* WBBaseViewController.m */; };
		BB349DFE226423A600515502 /* WBWebViewController.m in Sources */ = {isa = PBXBuildFile; fileRef = BB349DED226423A500515502 /* WBWebViewController.m */; };
		BB349DFF226423A600515502 /* WBBaseTableViewController.m in Sources */ = {isa = PBXBuildFile; fileRef = BB349DEE226423A500515502 /* WBBaseTableViewController.m */; };
		BB349E0C2264593000515502 /* WBRootViewController.m in Sources */ = {isa = PBXBuildFile; fileRef = BB349E0A2264593000515502 /* WBRootViewController.m */; };
		BB349E0D2264593000515502 /* WBRootViewController.xib in Resources */ = {isa = PBXBuildFile; fileRef = BB349E0B2264593000515502 /* WBRootViewController.xib */; };
		BB349E1322645FFC00515502 /* WBAuthorizeView.m in Sources */ = {isa = PBXBuildFile; fileRef = BB349E1222645FFC00515502 /* WBAuthorizeView.m */; };
		BB431DD4225F426000537A90 /* Assets.xcassets in Resources */ = {isa = PBXBuildFile; fileRef = BB431DCC225F426000537A90 /* Assets.xcassets */; };
		BB431DD5225F426000537A90 /* main.m in Sources */ = {isa = PBXBuildFile; fileRef = BB431DD0225F426000537A90 /* main.m */; };
		BB431DD6225F426000537A90 /* AppDelegate.m in Sources */ = {isa = PBXBuildFile; fileRef = BB431DD1225F426000537A90 /* AppDelegate.m */; };
		BB9619A22265C335008A4151 /* NSStringURI.m in Sources */ = {isa = PBXBuildFile; fileRef = BB96199F2265C335008A4151 /* NSStringURI.m */; };
		BB9619A32265C335008A4151 /* NSStringExtentions.m in Sources */ = {isa = PBXBuildFile; fileRef = BB9619A02265C335008A4151 /* NSStringExtentions.m */; };
/* End PBXBuildFile section */

/* Begin PBXFileReference section */
		211EB5C4B48B12C0B606E397 /* Pods-Weyker.debug.xcconfig */ = {isa = PBXFileReference; includeInIndex = 1; lastKnownFileType = text.xcconfig; name = "Pods-Weyker.debug.xcconfig"; path = "Target Support Files/Pods-Weyker/Pods-Weyker.debug.xcconfig"; sourceTree = "<group>"; };
		2BF0111BC1D5DF1721B2D86E /* libPods-Weyker.a */ = {isa = PBXFileReference; explicitFileType = archive.ar; includeInIndex = 0; path = "libPods-Weyker.a"; sourceTree = BUILT_PRODUCTS_DIR; };
		9940D838517181638F5A5510 /* Pods-Weyker.release.xcconfig */ = {isa = PBXFileReference; includeInIndex = 1; lastKnownFileType = text.xcconfig; name = "Pods-Weyker.release.xcconfig"; path = "Target Support Files/Pods-Weyker/Pods-Weyker.release.xcconfig"; sourceTree = "<group>"; };
		BB349D942264216A00515502 /* UIColorExtentions.h */ = {isa = PBXFileReference; fileEncoding = 4; lastKnownFileType = sourcecode.c.h; path = UIColorExtentions.h; sourceTree = "<group>"; };
		BB349D952264216A00515502 /* UINavigationControllerExtentions.m */ = {isa = PBXFileReference; fileEncoding = 4; lastKnownFileType = sourcecode.c.objc; path = UINavigationControllerExtentions.m; sourceTree = "<group>"; };
		BB349D962264216A00515502 /* NSObjectExtentions.h */ = {isa = PBXFileReference; fileEncoding = 4; lastKnownFileType = sourcecode.c.h; path = NSObjectExtentions.h; sourceTree = "<group>"; };
		BB349D972264216A00515502 /* UITableViewCellExtentions.m */ = {isa = PBXFileReference; fileEncoding = 4; lastKnownFileType = sourcecode.c.objc; path = UITableViewCellExtentions.m; sourceTree = "<group>"; };
		BB349D982264216A00515502 /* UITextXXXMaxLength.m */ = {isa = PBXFileReference; fileEncoding = 4; lastKnownFileType = sourcecode.c.objc; path = UITextXXXMaxLength.m; sourceTree = "<group>"; };
		BB349D992264216A00515502 /* NSStringUnicode.h */ = {isa = PBXFileReference; fileEncoding = 4; lastKnownFileType = sourcecode.c.h; path = NSStringUnicode.h; sourceTree = "<group>"; };
		BB349D9A2264216A00515502 /* UIAlertControllerExtentions.h */ = {isa = PBXFileReference; fileEncoding = 4; lastKnownFileType = sourcecode.c.h; path = UIAlertControllerExtentions.h; sourceTree = "<group>"; };
		BB349D9B2264216A00515502 /* UIButtonExtentions.h */ = {isa = PBXFileReference; fileEncoding = 4; lastKnownFileType = sourcecode.c.h; path = UIButtonExtentions.h; sourceTree = "<group>"; };
		BB349D9C2264216A00515502 /* UIImageExtentions.m */ = {isa = PBXFileReference; fileEncoding = 4; lastKnownFileType = sourcecode.c.objc; path = UIImageExtentions.m; sourceTree = "<group>"; };
		BB349D9D2264216A00515502 /* README.md */ = {isa = PBXFileReference; fileEncoding = 4; lastKnownFileType = net.daringfireball.markdown; path = README.md; sourceTree = "<group>"; };
		BB349D9E2264216A00515502 /* UINavigationControllerExtentions.h */ = {isa = PBXFileReference; fileEncoding = 4; lastKnownFileType = sourcecode.c.h; path = UINavigationControllerExtentions.h; sourceTree = "<group>"; };
		BB349D9F2264216A00515502 /* UIColorExtentions.m */ = {isa = PBXFileReference; fileEncoding = 4; lastKnownFileType = sourcecode.c.objc; path = UIColorExtentions.m; sourceTree = "<group>"; };
		BB349DA12264216A00515502 /* NSObjectExtentions.m */ = {isa = PBXFileReference; fileEncoding = 4; lastKnownFileType = sourcecode.c.objc; path = NSObjectExtentions.m; sourceTree = "<group>"; };
		BB349DA22264216A00515502 /* NSStringUnicode.m */ = {isa = PBXFileReference; fileEncoding = 4; lastKnownFileType = sourcecode.c.objc; path = NSStringUnicode.m; sourceTree = "<group>"; };
		BB349DA32264216A00515502 /* UITextXXXMaxLength.h */ = {isa = PBXFileReference; fileEncoding = 4; lastKnownFileType = sourcecode.c.h; path = UITextXXXMaxLength.h; sourceTree = "<group>"; };
		BB349DA42264216A00515502 /* UITableViewCellExtentions.h */ = {isa = PBXFileReference; fileEncoding = 4; lastKnownFileType = sourcecode.c.h; path = UITableViewCellExtentions.h; sourceTree = "<group>"; };
		BB349DA52264216A00515502 /* UIImageExtentions.h */ = {isa = PBXFileReference; fileEncoding = 4; lastKnownFileType = sourcecode.c.h; path = UIImageExtentions.h; sourceTree = "<group>"; };
		BB349DA62264216A00515502 /* UIButtonExtentions.m */ = {isa = PBXFileReference; fileEncoding = 4; lastKnownFileType = sourcecode.c.objc; path = UIButtonExtentions.m; sourceTree = "<group>"; };
		BB349DA72264216A00515502 /* UIAlertControllerExtentions.m */ = {isa = PBXFileReference; fileEncoding = 4; lastKnownFileType = sourcecode.c.objc; path = UIAlertControllerExtentions.m; sourceTree = "<group>"; };
		BB349DA92264216A00515502 /* WBDateFormatter.m */ = {isa = PBXFileReference; fileEncoding = 4; lastKnownFileType = sourcecode.c.objc; path = WBDateFormatter.m; sourceTree = "<group>"; };
		BB349DAB2264216A00515502 /* WBGlobal.h */ = {isa = PBXFileReference; fileEncoding = 4; lastKnownFileType = sourcecode.c.h; path = WBGlobal.h; sourceTree = "<group>"; };
		BB349DAC2264216A00515502 /* WBLogger.m */ = {isa = PBXFileReference; fileEncoding = 4; lastKnownFileType = sourcecode.c.objc; path = WBLogger.m; sourceTree = "<group>"; };
		BB349DAD2264216A00515502 /* README.md */ = {isa = PBXFileReference; fileEncoding = 4; lastKnownFileType = net.daringfireball.markdown; path = README.md; sourceTree = "<group>"; };
		BB349DAE2264216A00515502 /* WBDateFormatter.h */ = {isa = PBXFileReference; fileEncoding = 4; lastKnownFileType = sourcecode.c.h; path = WBDateFormatter.h; sourceTree = "<group>"; };
		BB349DAF2264216A00515502 /* WBMacros.h */ = {isa = PBXFileReference; fileEncoding = 4; lastKnownFileType = sourcecode.c.h; path = WBMacros.h; sourceTree = "<group>"; };
		BB349DB02264216A00515502 /* WBGlobal.m */ = {isa = PBXFileReference; fileEncoding = 4; lastKnownFileType = sourcecode.c.objc; path = WBGlobal.m; sourceTree = "<group>"; };
		BB349DB12264216A00515502 /* WBLogger.h */ = {isa = PBXFileReference; fileEncoding = 4; lastKnownFileType = sourcecode.c.h; path = WBLogger.h; sourceTree = "<group>"; };
		BB349DC52264227E00515502 /* YYWeakProxy.m */ = {isa = PBXFileReference; fileEncoding = 4; lastKnownFileType = sourcecode.c.objc; path = YYWeakProxy.m; sourceTree = "<group>"; };
		BB349DC62264227E00515502 /* YYFPSLabel.h */ = {isa = PBXFileReference; fileEncoding = 4; lastKnownFileType = sourcecode.c.h; path = YYFPSLabel.h; sourceTree = "<group>"; };
		BB349DC72264227E00515502 /* YYFPSLabel.m */ = {isa = PBXFileReference; fileEncoding = 4; lastKnownFileType = sourcecode.c.objc; path = YYFPSLabel.m; sourceTree = "<group>"; };
		BB349DC82264227E00515502 /* YYWeakProxy.h */ = {isa = PBXFileReference; fileEncoding = 4; lastKnownFileType = sourcecode.c.h; path = YYWeakProxy.h; sourceTree = "<group>"; };
		BB349DC92264227E00515502 /* README.md */ = {isa = PBXFileReference; fileEncoding = 4; lastKnownFileType = net.daringfireball.markdown; path = README.md; sourceTree = "<group>"; };
		BB349DCE226423A500515502 /* WBHUDView.h */ = {isa = PBXFileReference; fileEncoding = 4; lastKnownFileType = sourcecode.c.h; path = WBHUDView.h; sourceTree = "<group>"; };
		BB349DCF226423A500515502 /* WBBaseTableViewCell.h */ = {isa = PBXFileReference; fileEncoding = 4; lastKnownFileType = sourcecode.c.h; path = WBBaseTableViewCell.h; sourceTree = "<group>"; };
		BB349DD0226423A500515502 /* WBCoverContentView.h */ = {isa = PBXFileReference; fileEncoding = 4; lastKnownFileType = sourcecode.c.h; path = WBCoverContentView.h; sourceTree = "<group>"; };
		BB349DD1226423A500515502 /* WBBaseView.h */ = {isa = PBXFileReference; fileEncoding = 4; lastKnownFileType = sourcecode.c.h; path = WBBaseView.h; sourceTree = "<group>"; };
		BB349DD2226423A500515502 /* WBCoverAlertContentView.h */ = {isa = PBXFileReference; fileEncoding = 4; lastKnownFileType = sourcecode.c.h; path = WBCoverAlertContentView.h; sourceTree = "<group>"; };
		BB349DD3226423A500515502 /* WBCoverActionContentView.m */ = {isa = PBXFileReference; fileEncoding = 4; lastKnownFileType = sourcecode.c.objc; path = WBCoverActionContentView.m; sourceTree = "<group>"; };
		BB349DD5226423A500515502 /* WBWeakScriptMessageHandler.m */ = {isa = PBXFileReference; fileEncoding = 4; lastKnownFileType = sourcecode.c.objc; path = WBWeakScriptMessageHandler.m; sourceTree = "<group>"; };
		BB349DD6226423A500515502 /* WBMessageCenter.m */ = {isa = PBXFileReference; fileEncoding = 4; lastKnownFileType = sourcecode.c.objc; path = WBMessageCenter.m; sourceTree = "<group>"; };
		BB349DD7226423A500515502 /* WBCoverView.h */ = {isa = PBXFileReference; fileEncoding = 4; lastKnownFileType = sourcecode.c.h; path = WBCoverView.h; sourceTree = "<group>"; };
		BB349DD8226423A500515502 /* WBBaseViewController.h */ = {isa = PBXFileReference; fileEncoding = 4; lastKnownFileType = sourcecode.c.h; path = WBBaseViewController.h; sourceTree = "<group>"; };
		BB349DDC226423A500515502 /* WBBaseTableViewController.h */ = {isa = PBXFileReference; fileEncoding = 4; lastKnownFileType = sourcecode.c.h; path = WBBaseTableViewController.h; sourceTree = "<group>"; };
		BB349DDD226423A500515502 /* WBWebViewController.h */ = {isa = PBXFileReference; fileEncoding = 4; lastKnownFileType = sourcecode.c.h; path = WBWebViewController.h; sourceTree = "<group>"; };
		BB349DDE226423A500515502 /* README.md */ = {isa = PBXFileReference; fileEncoding = 4; lastKnownFileType = net.daringfireball.markdown; path = README.md; sourceTree = "<group>"; };
		BB349DDF226423A500515502 /* WBBaseTableViewCell.m */ = {isa = PBXFileReference; fileEncoding = 4; lastKnownFileType = sourcecode.c.objc; path = WBBaseTableViewCell.m; sourceTree = "<group>"; };
		BB349DE0226423A500515502 /* WBCoverContentView.m */ = {isa = PBXFileReference; fileEncoding = 4; lastKnownFileType = sourcecode.c.objc; path = WBCoverContentView.m; sourceTree = "<group>"; };
		BB349DE1226423A500515502 /* WBHUDView.m */ = {isa = PBXFileReference; fileEncoding = 4; lastKnownFileType = sourcecode.c.objc; path = WBHUDView.m; sourceTree = "<group>"; };
		BB349DE2226423A500515502 /* WBCoverView.m */ = {isa = PBXFileReference; fileEncoding = 4; lastKnownFileType = sourcecode.c.objc; path = WBCoverView.m; sourceTree = "<group>"; };
		BB349DE3226423A500515502 /* WBMessageCenter.h */ = {isa = PBXFileReference; fileEncoding = 4; lastKnownFileType = sourcecode.c.h; path = WBMessageCenter.h; sourceTree = "<group>"; };
		BB349DE4226423A500515502 /* WBWeakScriptMessageHandler.h */ = {isa = PBXFileReference; fileEncoding = 4; lastKnownFileType = sourcecode.c.h; path = WBWeakScriptMessageHandler.h; sourceTree = "<group>"; };
		BB349DE5226423A500515502 /* WBCoverActionContentView.h */ = {isa = PBXFileReference; fileEncoding = 4; lastKnownFileType = sourcecode.c.h; path = WBCoverActionContentView.h; sourceTree = "<group>"; };
		BB349DE7226423A500515502 /* WBCoverAlertContentView.m */ = {isa = PBXFileReference; fileEncoding = 4; lastKnownFileType = sourcecode.c.objc; path = WBCoverAlertContentView.m; sourceTree = "<group>"; };
		BB349DE8226423A500515502 /* WBBaseView.m */ = {isa = PBXFileReference; fileEncoding = 4; lastKnownFileType = sourcecode.c.objc; path = WBBaseView.m; sourceTree = "<group>"; };
		BB349DEC226423A500515502 /* WBBaseViewController.m */ = {isa = PBXFileReference; fileEncoding = 4; lastKnownFileType = sourcecode.c.objc; path = WBBaseViewController.m; sourceTree = "<group>"; };
		BB349DED226423A500515502 /* WBWebViewController.m */ = {isa = PBXFileReference; fileEncoding = 4; lastKnownFileType = sourcecode.c.objc; path = WBWebViewController.m; sourceTree = "<group>"; };
		BB349DEE226423A500515502 /* WBBaseTableViewController.m */ = {isa = PBXFileReference; fileEncoding = 4; lastKnownFileType = sourcecode.c.objc; path = WBBaseTableViewController.m; sourceTree = "<group>"; };
		BB349E092264593000515502 /* WBRootViewController.h */ = {isa = PBXFileReference; lastKnownFileType = sourcecode.c.h; path = WBRootViewController.h; sourceTree = "<group>"; };
		BB349E0A2264593000515502 /* WBRootViewController.m */ = {isa = PBXFileReference; lastKnownFileType = sourcecode.c.objc; path = WBRootViewController.m; sourceTree = "<group>"; };
		BB349E0B2264593000515502 /* WBRootViewController.xib */ = {isa = PBXFileReference; lastKnownFileType = file.xib; path = WBRootViewController.xib; sourceTree = "<group>"; };
		BB349E1122645FFC00515502 /* WBAuthorizeView.h */ = {isa = PBXFileReference; fileEncoding = 4; lastKnownFileType = sourcecode.c.h; path = WBAuthorizeView.h; sourceTree = "<group>"; };
		BB349E1222645FFC00515502 /* WBAuthorizeView.m */ = {isa = PBXFileReference; fileEncoding = 4; lastKnownFileType = sourcecode.c.objc; path = WBAuthorizeView.m; sourceTree = "<group>"; };
		BB431DAF225F417E00537A90 /* Weyker.app */ = {isa = PBXFileReference; explicitFileType = wrapper.application; includeInIndex = 0; path = Weyker.app; sourceTree = BUILT_PRODUCTS_DIR; };
		BB431DCC225F426000537A90 /* Assets.xcassets */ = {isa = PBXFileReference; lastKnownFileType = folder.assetcatalog; path = Assets.xcassets; sourceTree = "<group>"; };
		BB431DCE225F426000537A90 /* AppDelegate.h */ = {isa = PBXFileReference; fileEncoding = 4; lastKnownFileType = sourcecode.c.h; path = AppDelegate.h; sourceTree = "<group>"; };
		BB431DCF225F426000537A90 /* Prefix.pch */ = {isa = PBXFileReference; fileEncoding = 4; lastKnownFileType = sourcecode.c.h; path = Prefix.pch; sourceTree = "<group>"; };
		BB431DD0225F426000537A90 /* main.m */ = {isa = PBXFileReference; fileEncoding = 4; lastKnownFileType = sourcecode.c.objc; path = main.m; sourceTree = "<group>"; };
		BB431DD1225F426000537A90 /* AppDelegate.m */ = {isa = PBXFileReference; fileEncoding = 4; lastKnownFileType = sourcecode.c.objc; path = AppDelegate.m; sourceTree = "<group>"; };
		BB431DD2225F426000537A90 /* Info.plist */ = {isa = PBXFileReference; fileEncoding = 4; lastKnownFileType = text.plist.xml; path = Info.plist; sourceTree = "<group>"; };
		BB96199E2265C335008A4151 /* NSStringURI.h */ = {isa = PBXFileReference; fileEncoding = 4; lastKnownFileType = sourcecode.c.h; path = NSStringURI.h; sourceTree = "<group>"; };
		BB96199F2265C335008A4151 /* NSStringURI.m */ = {isa = PBXFileReference; fileEncoding = 4; lastKnownFileType = sourcecode.c.objc; path = NSStringURI.m; sourceTree = "<group>"; };
		BB9619A02265C335008A4151 /* NSStringExtentions.m */ = {isa = PBXFileReference; fileEncoding = 4; lastKnownFileType = sourcecode.c.objc; path = NSStringExtentions.m; sourceTree = "<group>"; };
		BB9619A12265C335008A4151 /* NSStringExtentions.h */ = {isa = PBXFileReference; fileEncoding = 4; lastKnownFileType = sourcecode.c.h; path = NSStringExtentions.h; sourceTree = "<group>"; };
/* End PBXFileReference section */

/* Begin PBXFrameworksBuildPhase section */
		BB431DAC225F417E00537A90 /* Frameworks */ = {
			isa = PBXFrameworksBuildPhase;
			buildActionMask = 2147483647;
			files = (
				9449DEBC9DCEE133344F91BA /* libPods-Weyker.a in Frameworks */,
			);
			runOnlyForDeploymentPostprocessing = 0;
		};
/* End PBXFrameworksBuildPhase section */

/* Begin PBXGroup section */
		76DE8AF63CB9935DCE2256DF /* Frameworks */ = {
			isa = PBXGroup;
			children = (
				2BF0111BC1D5DF1721B2D86E /* libPods-Weyker.a */,
			);
			name = Frameworks;
			sourceTree = "<group>";
		};
		AB37B02B06DEF3766EF97240 /* Pods */ = {
			isa = PBXGroup;
			children = (
				211EB5C4B48B12C0B606E397 /* Pods-Weyker.debug.xcconfig */,
				9940D838517181638F5A5510 /* Pods-Weyker.release.xcconfig */,
			);
			path = Pods;
			sourceTree = "<group>";
		};
		BB349D922264216A00515502 /* Extentions */ = {
			isa = PBXGroup;
			children = (
				BB349D9D2264216A00515502 /* README.md */,
				BB349D962264216A00515502 /* NSObjectExtentions.h */,
				BB349DA12264216A00515502 /* NSObjectExtentions.m */,
				BB349D992264216A00515502 /* NSStringUnicode.h */,
				BB349DA22264216A00515502 /* NSStringUnicode.m */,
				BB96199E2265C335008A4151 /* NSStringURI.h */,
				BB96199F2265C335008A4151 /* NSStringURI.m */,
				BB9619A12265C335008A4151 /* NSStringExtentions.h */,
				BB9619A02265C335008A4151 /* NSStringExtentions.m */,
				BB349D942264216A00515502 /* UIColorExtentions.h */,
				BB349D9F2264216A00515502 /* UIColorExtentions.m */,
				BB349DA52264216A00515502 /* UIImageExtentions.h */,
				BB349D9C2264216A00515502 /* UIImageExtentions.m */,
				BB349D9B2264216A00515502 /* UIButtonExtentions.h */,
				BB349DA62264216A00515502 /* UIButtonExtentions.m */,
				BB349DA42264216A00515502 /* UITableViewCellExtentions.h */,
				BB349D972264216A00515502 /* UITableViewCellExtentions.m */,
				BB349DA32264216A00515502 /* UITextXXXMaxLength.h */,
				BB349D982264216A00515502 /* UITextXXXMaxLength.m */,
				BB349D9A2264216A00515502 /* UIAlertControllerExtentions.h */,
				BB349DA72264216A00515502 /* UIAlertControllerExtentions.m */,
				BB349D9E2264216A00515502 /* UINavigationControllerExtentions.h */,
				BB349D952264216A00515502 /* UINavigationControllerExtentions.m */,
			);
			path = Extentions;
			sourceTree = "<group>";
		};
		BB349DA82264216A00515502 /* Core */ = {
			isa = PBXGroup;
			children = (
				BB349DAD2264216A00515502 /* README.md */,
				BB349DAF2264216A00515502 /* WBMacros.h */,
				BB349DAB2264216A00515502 /* WBGlobal.h */,
				BB349DB02264216A00515502 /* WBGlobal.m */,
				BB349DB12264216A00515502 /* WBLogger.h */,
				BB349DAC2264216A00515502 /* WBLogger.m */,
				BB349DAE2264216A00515502 /* WBDateFormatter.h */,
				BB349DA92264216A00515502 /* WBDateFormatter.m */,
			);
			path = Core;
			sourceTree = "<group>";
		};
		BB349DC32264227E00515502 /* Vendors */ = {
			isa = PBXGroup;
			children = (
				BB349DC42264227E00515502 /* YYFPSLabel */,
				BB349DC92264227E00515502 /* README.md */,
			);
			path = Vendors;
			sourceTree = "<group>";
		};
		BB349DC42264227E00515502 /* YYFPSLabel */ = {
			isa = PBXGroup;
			children = (
				BB349DC62264227E00515502 /* YYFPSLabel.h */,
				BB349DC72264227E00515502 /* YYFPSLabel.m */,
				BB349DC82264227E00515502 /* YYWeakProxy.h */,
				BB349DC52264227E00515502 /* YYWeakProxy.m */,
			);
			path = YYFPSLabel;
			sourceTree = "<group>";
		};
		BB349DCD226423A500515502 /* Common */ = {
			isa = PBXGroup;
			children = (
				BB349DDE226423A500515502 /* README.md */,
				BB349DD1226423A500515502 /* WBBaseView.h */,
				BB349DE8226423A500515502 /* WBBaseView.m */,
				BB349DD8226423A500515502 /* WBBaseViewController.h */,
				BB349DEC226423A500515502 /* WBBaseViewController.m */,
				BB349E02226424AC00515502 /* CoverView */,
				BB349E03226424DC00515502 /* MessageCenter */,
				BB349E042264252600515502 /* WebController */,
				BB349E052264255200515502 /* TableViewController */,
			);
			path = Common;
			sourceTree = "<group>";
		};
		BB349E02226424AC00515502 /* CoverView */ = {
			isa = PBXGroup;
			children = (
				BB349DD7226423A500515502 /* WBCoverView.h */,
				BB349DE2226423A500515502 /* WBCoverView.m */,
				BB349DD0226423A500515502 /* WBCoverContentView.h */,
				BB349DE0226423A500515502 /* WBCoverContentView.m */,
				BB349DD2226423A500515502 /* WBCoverAlertContentView.h */,
				BB349DE7226423A500515502 /* WBCoverAlertContentView.m */,
				BB349DE5226423A500515502 /* WBCoverActionContentView.h */,
				BB349DD3226423A500515502 /* WBCoverActionContentView.m */,
			);
			name = CoverView;
			sourceTree = "<group>";
		};
		BB349E03226424DC00515502 /* MessageCenter */ = {
			isa = PBXGroup;
			children = (
				BB349DE3226423A500515502 /* WBMessageCenter.h */,
				BB349DD6226423A500515502 /* WBMessageCenter.m */,
				BB349DCE226423A500515502 /* WBHUDView.h */,
				BB349DE1226423A500515502 /* WBHUDView.m */,
			);
			name = MessageCenter;
			sourceTree = "<group>";
		};
		BB349E042264252600515502 /* WebController */ = {
			isa = PBXGroup;
			children = (
				BB349DDD226423A500515502 /* WBWebViewController.h */,
				BB349DED226423A500515502 /* WBWebViewController.m */,
				BB349DE4226423A500515502 /* WBWeakScriptMessageHandler.h */,
				BB349DD5226423A500515502 /* WBWeakScriptMessageHandler.m */,
				BB349E1122645FFC00515502 /* WBAuthorizeView.h */,
				BB349E1222645FFC00515502 /* WBAuthorizeView.m */,
			);
			name = WebController;
			sourceTree = "<group>";
		};
		BB349E052264255200515502 /* TableViewController */ = {
			isa = PBXGroup;
			children = (
				BB349DDC226423A500515502 /* WBBaseTableViewController.h */,
				BB349DEE226423A500515502 /* WBBaseTableViewController.m */,
				BB349DCF226423A500515502 /* WBBaseTableViewCell.h */,
				BB349DDF226423A500515502 /* WBBaseTableViewCell.m */,
			);
			name = TableViewController;
			sourceTree = "<group>";
		};
		BB431DA6225F417E00537A90 = {
			isa = PBXGroup;
			children = (
				BB431DB1225F417E00537A90 /* Weyker */,
				BB431DB0225F417E00537A90 /* Products */,
				AB37B02B06DEF3766EF97240 /* Pods */,
				76DE8AF63CB9935DCE2256DF /* Frameworks */,
			);
			sourceTree = "<group>";
		};
		BB431DB0225F417E00537A90 /* Products */ = {
			isa = PBXGroup;
			children = (
				BB431DAF225F417E00537A90 /* Weyker.app */,
			);
			name = Products;
			sourceTree = "<group>";
		};
		BB431DB1225F417E00537A90 /* Weyker */ = {
			isa = PBXGroup;
			children = (
				BB431DCD225F426000537A90 /* App */,
				BB431DC8225F426000537A90 /* Pages */,
				BB349DA82264216A00515502 /* Core */,
				BB349D922264216A00515502 /* Extentions */,
				BB349DCD226423A500515502 /* Common */,
				BB349DC32264227E00515502 /* Vendors */,
				BB431DCB225F426000537A90 /* Resources */,
			);
			path = Weyker;
			sourceTree = "<group>";
		};
		BB431DC8225F426000537A90 /* Pages */ = {
			isa = PBXGroup;
			children = (
				BB349E092264593000515502 /* WBRootViewController.h */,
				BB349E0A2264593000515502 /* WBRootViewController.m */,
				BB349E0B2264593000515502 /* WBRootViewController.xib */,
			);
			path = Pages;
			sourceTree = "<group>";
		};
		BB431DCB225F426000537A90 /* Resources */ = {
			isa = PBXGroup;
			children = (
				BB431DCC225F426000537A90 /* Assets.xcassets */,
			);
			path = Resources;
			sourceTree = "<group>";
		};
		BB431DCD225F426000537A90 /* App */ = {
			isa = PBXGroup;
			children = (
				BB431DD2225F426000537A90 /* Info.plist */,
				BB431DCF225F426000537A90 /* Prefix.pch */,
				BB431DD0225F426000537A90 /* main.m */,
				BB431DCE225F426000537A90 /* AppDelegate.h */,
				BB431DD1225F426000537A90 /* AppDelegate.m */,
			);
			path = App;
			sourceTree = "<group>";
		};
/* End PBXGroup section */

/* Begin PBXNativeTarget section */
		BB431DAE225F417E00537A90 /* Weyker */ = {
			isa = PBXNativeTarget;
			buildConfigurationList = BB431DC5225F417F00537A90 /* Build configuration list for PBXNativeTarget "Weyker" */;
			buildPhases = (
				B2199261F92E9708E5E7FFFF /* [CP] Check Pods Manifest.lock */,
				BB431DAB225F417E00537A90 /* Sources */,
				BB431DAC225F417E00537A90 /* Frameworks */,
				BB431DAD225F417E00537A90 /* Resources */,
			);
			buildRules = (
			);
			dependencies = (
			);
			name = Weyker;
			productName = Weyker;
			productReference = BB431DAF225F417E00537A90 /* Weyker.app */;
			productType = "com.apple.product-type.application";
		};
/* End PBXNativeTarget section */

/* Begin PBXProject section */
		BB431DA7225F417E00537A90 /* Project object */ = {
			isa = PBXProject;
			attributes = {
				LastUpgradeCheck = 1010;
				ORGANIZATIONNAME = migu;
				TargetAttributes = {
					BB431DAE225F417E00537A90 = {
						CreatedOnToolsVersion = 10.1;
					};
				};
			};
			buildConfigurationList = BB431DAA225F417E00537A90 /* Build configuration list for PBXProject "Weyker" */;
			compatibilityVersion = "Xcode 9.3";
			developmentRegion = en;
			hasScannedForEncodings = 0;
			knownRegions = (
				en,
				Base,
			);
			mainGroup = BB431DA6225F417E00537A90;
			productRefGroup = BB431DB0225F417E00537A90 /* Products */;
			projectDirPath = "";
			projectRoot = "";
			targets = (
				BB431DAE225F417E00537A90 /* Weyker */,
			);
		};
/* End PBXProject section */

/* Begin PBXResourcesBuildPhase section */
		BB431DAD225F417E00537A90 /* Resources */ = {
			isa = PBXResourcesBuildPhase;
			buildActionMask = 2147483647;
			files = (
				BB431DD4225F426000537A90 /* Assets.xcassets in Resources */,
				BB349E0D2264593000515502 /* WBRootViewController.xib in Resources */,
			);
			runOnlyForDeploymentPostprocessing = 0;
		};
/* End PBXResourcesBuildPhase section */

/* Begin PBXShellScriptBuildPhase section */
		B2199261F92E9708E5E7FFFF /* [CP] Check Pods Manifest.lock */ = {
			isa = PBXShellScriptBuildPhase;
			buildActionMask = 2147483647;
			files = (
			);
			inputFileListPaths = (
			);
			inputPaths = (
				"${PODS_PODFILE_DIR_PATH}/Podfile.lock",
				"${PODS_ROOT}/Manifest.lock",
			);
			name = "[CP] Check Pods Manifest.lock";
			outputFileListPaths = (
			);
			outputPaths = (
				"$(DERIVED_FILE_DIR)/Pods-Weyker-checkManifestLockResult.txt",
			);
			runOnlyForDeploymentPostprocessing = 0;
			shellPath = /bin/sh;
			shellScript = "diff \"${PODS_PODFILE_DIR_PATH}/Podfile.lock\" \"${PODS_ROOT}/Manifest.lock\" > /dev/null\nif [ $? != 0 ] ; then\n    # print error to STDERR\n    echo \"error: The sandbox is not in sync with the Podfile.lock. Run 'pod install' or update your CocoaPods installation.\" >&2\n    exit 1\nfi\n# This output is used by Xcode 'outputs' to avoid re-running this script phase.\necho \"SUCCESS\" > \"${SCRIPT_OUTPUT_FILE_0}\"\n";
			showEnvVarsInLog = 0;
		};
/* End PBXShellScriptBuildPhase section */

/* Begin PBXSourcesBuildPhase section */
		BB431DAB225F417E00537A90 /* Sources */ = {
			isa = PBXSourcesBuildPhase;
			buildActionMask = 2147483647;
			files = (
				BB349DCB2264227E00515502 /* YYFPSLabel.m in Sources */,
				BB349DB52264216A00515502 /* UITextXXXMaxLength.m in Sources */,
				BB349DF1226423A600515502 /* WBMessageCenter.m in Sources */,
				BB349DFA226423A600515502 /* WBCoverAlertContentView.m in Sources */,
				BB349DFF226423A600515502 /* WBBaseTableViewController.m in Sources */,
				BB349DEF226423A600515502 /* WBCoverActionContentView.m in Sources */,
				BB349DB32264216A00515502 /* UINavigationControllerExtentions.m in Sources */,
				BB349DC12264216A00515502 /* WBGlobal.m in Sources */,
				BB349E0C2264593000515502 /* WBRootViewController.m in Sources */,
				BB349DBC2264216A00515502 /* UIButtonExtentions.m in Sources */,
				BB349DF7226423A600515502 /* WBHUDView.m in Sources */,
				BB349DBA2264216A00515502 /* NSObjectExtentions.m in Sources */,
				BB349DBD2264216A00515502 /* UIAlertControllerExtentions.m in Sources */,
				BB349DB42264216A00515502 /* UITableViewCellExtentions.m in Sources */,
				BB349DBE2264216A00515502 /* WBDateFormatter.m in Sources */,
				BB349DBB2264216A00515502 /* NSStringUnicode.m in Sources */,
				BB9619A22265C335008A4151 /* NSStringURI.m in Sources */,
				BB349DF0226423A600515502 /* WBWeakScriptMessageHandler.m in Sources */,
				BB349DF6226423A600515502 /* WBCoverContentView.m in Sources */,
				BB431DD5225F426000537A90 /* main.m in Sources */,
				BB349DB82264216A00515502 /* UIColorExtentions.m in Sources */,
				BB349DF5226423A600515502 /* WBBaseTableViewCell.m in Sources */,
				BB349DFD226423A600515502 /* WBBaseViewController.m in Sources */,
				BB349DCA2264227E00515502 /* YYWeakProxy.m in Sources */,
				BB349DBF2264216A00515502 /* WBLogger.m in Sources */,
				BB349DFE226423A600515502 /* WBWebViewController.m in Sources */,
				BB349E1322645FFC00515502 /* WBAuthorizeView.m in Sources */,
				BB349DF8226423A600515502 /* WBCoverView.m in Sources */,
				BB349DFB226423A600515502 /* WBBaseView.m in Sources */,
				BB9619A32265C335008A4151 /* NSStringExtentions.m in Sources */,
				BB431DD6225F426000537A90 /* AppDelegate.m in Sources */,
				BB349DB62264216A00515502 /* UIImageExtentions.m in Sources */,
			);
			runOnlyForDeploymentPostprocessing = 0;
		};
/* End PBXSourcesBuildPhase section */

/* Begin XCBuildConfiguration section */
		BB431DC3225F417F00537A90 /* Debug */ = {
			isa = XCBuildConfiguration;
			buildSettings = {
				ALWAYS_SEARCH_USER_PATHS = NO;
				CLANG_ANALYZER_NONNULL = YES;
				CLANG_ANALYZER_NUMBER_OBJECT_CONVERSION = YES_AGGRESSIVE;
				CLANG_CXX_LANGUAGE_STANDARD = "gnu++14";
				CLANG_CXX_LIBRARY = "libc++";
				CLANG_ENABLE_MODULES = YES;
				CLANG_ENABLE_OBJC_ARC = YES;
				CLANG_ENABLE_OBJC_WEAK = YES;
				CLANG_WARN_BLOCK_CAPTURE_AUTORELEASING = YES;
				CLANG_WARN_BOOL_CONVERSION = YES;
				CLANG_WARN_COMMA = YES;
				CLANG_WARN_CONSTANT_CONVERSION = YES;
				CLANG_WARN_DEPRECATED_OBJC_IMPLEMENTATIONS = YES;
				CLANG_WARN_DIRECT_OBJC_ISA_USAGE = YES_ERROR;
				CLANG_WARN_DOCUMENTATION_COMMENTS = YES;
				CLANG_WARN_EMPTY_BODY = YES;
				CLANG_WARN_ENUM_CONVERSION = YES;
				CLANG_WARN_INFINITE_RECURSION = YES;
				CLANG_WARN_INT_CONVERSION = YES;
				CLANG_WARN_NON_LITERAL_NULL_CONVERSION = YES;
				CLANG_WARN_OBJC_IMPLICIT_RETAIN_SELF = YES;
				CLANG_WARN_OBJC_LITERAL_CONVERSION = YES;
				CLANG_WARN_OBJC_ROOT_CLASS = YES_ERROR;
				CLANG_WARN_RANGE_LOOP_ANALYSIS = YES;
				CLANG_WARN_STRICT_PROTOTYPES = YES;
				CLANG_WARN_SUSPICIOUS_MOVE = YES;
				CLANG_WARN_UNGUARDED_AVAILABILITY = YES_AGGRESSIVE;
				CLANG_WARN_UNREACHABLE_CODE = YES;
				CLANG_WARN__DUPLICATE_METHOD_MATCH = YES;
				CODE_SIGN_IDENTITY = "iPhone Developer";
				COPY_PHASE_STRIP = NO;
				DEBUG_INFORMATION_FORMAT = dwarf;
				ENABLE_STRICT_OBJC_MSGSEND = YES;
				ENABLE_TESTABILITY = YES;
				GCC_C_LANGUAGE_STANDARD = gnu11;
				GCC_DYNAMIC_NO_PIC = NO;
				GCC_NO_COMMON_BLOCKS = YES;
				GCC_OPTIMIZATION_LEVEL = 0;
				GCC_PREPROCESSOR_DEFINITIONS = (
					"DEBUG=1",
					"$(inherited)",
				);
				GCC_WARN_64_TO_32_BIT_CONVERSION = YES;
				GCC_WARN_ABOUT_RETURN_TYPE = YES_ERROR;
				GCC_WARN_UNDECLARED_SELECTOR = YES;
				GCC_WARN_UNINITIALIZED_AUTOS = YES_AGGRESSIVE;
				GCC_WARN_UNUSED_FUNCTION = YES;
				GCC_WARN_UNUSED_VARIABLE = YES;
				IPHONEOS_DEPLOYMENT_TARGET = 12.1;
				MTL_ENABLE_DEBUG_INFO = INCLUDE_SOURCE;
				MTL_FAST_MATH = YES;
				ONLY_ACTIVE_ARCH = YES;
				SDKROOT = iphoneos;
			};
			name = Debug;
		};
		BB431DC4225F417F00537A90 /* Release */ = {
			isa = XCBuildConfiguration;
			buildSettings = {
				ALWAYS_SEARCH_USER_PATHS = NO;
				CLANG_ANALYZER_NONNULL = YES;
				CLANG_ANALYZER_NUMBER_OBJECT_CONVERSION = YES_AGGRESSIVE;
				CLANG_CXX_LANGUAGE_STANDARD = "gnu++14";
				CLANG_CXX_LIBRARY = "libc++";
				CLANG_ENABLE_MODULES = YES;
				CLANG_ENABLE_OBJC_ARC = YES;
				CLANG_ENABLE_OBJC_WEAK = YES;
				CLANG_WARN_BLOCK_CAPTURE_AUTORELEASING = YES;
				CLANG_WARN_BOOL_CONVERSION = YES;
				CLANG_WARN_COMMA = YES;
				CLANG_WARN_CONSTANT_CONVERSION = YES;
				CLANG_WARN_DEPRECATED_OBJC_IMPLEMENTATIONS = YES;
				CLANG_WARN_DIRECT_OBJC_ISA_USAGE = YES_ERROR;
				CLANG_WARN_DOCUMENTATION_COMMENTS = YES;
				CLANG_WARN_EMPTY_BODY = YES;
				CLANG_WARN_ENUM_CONVERSION = YES;
				CLANG_WARN_INFINITE_RECURSION = YES;
				CLANG_WARN_INT_CONVERSION = YES;
				CLANG_WARN_NON_LITERAL_NULL_CONVERSION = YES;
				CLANG_WARN_OBJC_IMPLICIT_RETAIN_SELF = YES;
				CLANG_WARN_OBJC_LITERAL_CONVERSION = YES;
				CLANG_WARN_OBJC_ROOT_CLASS = YES_ERROR;
				CLANG_WARN_RANGE_LOOP_ANALYSIS = YES;
				CLANG_WARN_STRICT_PROTOTYPES = YES;
				CLANG_WARN_SUSPICIOUS_MOVE = YES;
				CLANG_WARN_UNGUARDED_AVAILABILITY = YES_AGGRESSIVE;
				CLANG_WARN_UNREACHABLE_CODE = YES;
				CLANG_WARN__DUPLICATE_METHOD_MATCH = YES;
				CODE_SIGN_IDENTITY = "iPhone Developer";
				COPY_PHASE_STRIP = NO;
				DEBUG_INFORMATION_FORMAT = "dwarf-with-dsym";
				ENABLE_NS_ASSERTIONS = NO;
				ENABLE_STRICT_OBJC_MSGSEND = YES;
				GCC_C_LANGUAGE_STANDARD = gnu11;
				GCC_NO_COMMON_BLOCKS = YES;
				GCC_WARN_64_TO_32_BIT_CONVERSION = YES;
				GCC_WARN_ABOUT_RETURN_TYPE = YES_ERROR;
				GCC_WARN_UNDECLARED_SELECTOR = YES;
				GCC_WARN_UNINITIALIZED_AUTOS = YES_AGGRESSIVE;
				GCC_WARN_UNUSED_FUNCTION = YES;
				GCC_WARN_UNUSED_VARIABLE = YES;
				IPHONEOS_DEPLOYMENT_TARGET = 12.1;
				MTL_ENABLE_DEBUG_INFO = NO;
				MTL_FAST_MATH = YES;
				SDKROOT = iphoneos;
				VALIDATE_PRODUCT = YES;
			};
			name = Release;
		};
		BB431DC6225F417F00537A90 /* Debug */ = {
			isa = XCBuildConfiguration;
			baseConfigurationReference = 211EB5C4B48B12C0B606E397 /* Pods-Weyker.debug.xcconfig */;
			buildSettings = {
				ASSETCATALOG_COMPILER_APPICON_NAME = AppIcon;
				ASSETCATALOG_COMPILER_LAUNCHIMAGE_NAME = LaunchImage;
				CODE_SIGN_STYLE = Automatic;
				DEVELOPMENT_TEAM = 328H572F92;
				GCC_PREFIX_HEADER = Weyker/App/Prefix.pch;
				INFOPLIST_FILE = Weyker/App/Info.plist;
				IPHONEOS_DEPLOYMENT_TARGET = 10.0;
				LD_RUNPATH_SEARCH_PATHS = (
					"$(inherited)",
					"@executable_path/Frameworks",
				);
				PRODUCT_BUNDLE_IDENTIFIER = com.migu.kw1;
				PRODUCT_NAME = "$(TARGET_NAME)";
				TARGETED_DEVICE_FAMILY = 1;
				USER_HEADER_SEARCH_PATHS = "$(SRCROOT)/$(PROJECT_NAME)/";
			};
			name = Debug;
		};
		BB431DC7225F417F00537A90 /* Release */ = {
			isa = XCBuildConfiguration;
			baseConfigurationReference = 9940D838517181638F5A5510 /* Pods-Weyker.release.xcconfig */;
			buildSettings = {
				ASSETCATALOG_COMPILER_APPICON_NAME = AppIcon;
				ASSETCATALOG_COMPILER_LAUNCHIMAGE_NAME = LaunchImage;
				CODE_SIGN_STYLE = Automatic;
				DEVELOPMENT_TEAM = 328H572F92;
				GCC_PREFIX_HEADER = Weyker/App/Prefix.pch;
				INFOPLIST_FILE = Weyker/App/Info.plist;
				IPHONEOS_DEPLOYMENT_TARGET = 10.0;
				LD_RUNPATH_SEARCH_PATHS = (
					"$(inherited)",
					"@executable_path/Frameworks",
				);
				PRODUCT_BUNDLE_IDENTIFIER = com.migu.kw1;
				PRODUCT_NAME = "$(TARGET_NAME)";
				TARGETED_DEVICE_FAMILY = 1;
				USER_HEADER_SEARCH_PATHS = "$(SRCROOT)/$(PROJECT_NAME)/";
			};
			name = Release;
		};
/* End XCBuildConfiguration section */

/* Begin XCConfigurationList section */
		BB431DAA225F417E00537A90 /* Build configuration list for PBXProject "Weyker" */ = {
			isa = XCConfigurationList;
			buildConfigurations = (
				BB431DC3225F417F00537A90 /* Debug */,
				BB431DC4225F417F00537A90 /* Release */,
			);
			defaultConfigurationIsVisible = 0;
			defaultConfigurationName = Release;
		};
		BB431DC5225F417F00537A90 /* Build configuration list for PBXNativeTarget "Weyker" */ = {
			isa = XCConfigurationList;
			buildConfigurations = (
				BB431DC6225F417F00537A90 /* Debug */,
				BB431DC7225F417F00537A90 /* Release */,
			);
			defaultConfigurationIsVisible = 0;
			defaultConfigurationName = Release;
		};
/* End XCConfigurationList section */
	};
	rootObject = BB431DA7225F417E00537A90 /* Project object */;
}
